// !$*UTF8*$!
{
	archiveVersion = 1;
	classes = {
	};
	objectVersion = 46;
	objects = {

/* Begin PBXBuildFile section */
		3A4317981E0ACD63005A779C /* AppDelegate.swift in Sources */ = {isa = PBXBuildFile; fileRef = 3A4317971E0ACD63005A779C /* AppDelegate.swift */; };
		3A43179A1E0ACD63005A779C /* ViewController.swift in Sources */ = {isa = PBXBuildFile; fileRef = 3A4317991E0ACD63005A779C /* ViewController.swift */; };
		3A4317A01E0ACD63005A779C /* _084.xcdatamodeld in Sources */ = {isa = PBXBuildFile; fileRef = 3A43179E1E0ACD63005A779C /* _084.xcdatamodeld */; };
		3A4317A21E0ACD63005A779C /* Assets.xcassets in Resources */ = {isa = PBXBuildFile; fileRef = 3A4317A11E0ACD63005A779C /* Assets.xcassets */; };
		3A4317A51E0ACD63005A779C /* LaunchScreen.storyboard in Resources */ = {isa = PBXBuildFile; fileRef = 3A4317A31E0ACD63005A779C /* LaunchScreen.storyboard */; };
		3A7583481E3E9C1700D1E36F /* Decorator.swift in Sources */ = {isa = PBXBuildFile; fileRef = 3A7583451E3E9C1700D1E36F /* Decorator.swift */; };
		3A7583491E3E9C1700D1E36F /* Matrix.swift in Sources */ = {isa = PBXBuildFile; fileRef = 3A7583461E3E9C1700D1E36F /* Matrix.swift */; };
		3A75834A1E3E9C1700D1E36F /* MatrixView.swift in Sources */ = {isa = PBXBuildFile; fileRef = 3A7583471E3E9C1700D1E36F /* MatrixView.swift */; };
		3A75835A1E41401000D1E36F /* Main.storyboard in Resources */ = {isa = PBXBuildFile; fileRef = 3A7583581E41401000D1E36F /* Main.storyboard */; };
/* End PBXBuildFile section */

/* Begin PBXFileReference section */
		3A4317941E0ACD63005A779C /* 2048.app */ = {isa = PBXFileReference; explicitFileType = wrapper.application; includeInIndex = 0; path = 2048.app; sourceTree = BUILT_PRODUCTS_DIR; };
		3A4317971E0ACD63005A779C /* AppDelegate.swift */ = {isa = PBXFileReference; lastKnownFileType = sourcecode.swift; path = AppDelegate.swift; sourceTree = "<group>"; };
		3A4317991E0ACD63005A779C /* ViewController.swift */ = {isa = PBXFileReference; lastKnownFileType = sourcecode.swift; path = ViewController.swift; sourceTree = "<group>"; };
		3A43179F1E0ACD63005A779C /* _084.xcdatamodel */ = {isa = PBXFileReference; lastKnownFileType = wrapper.xcdatamodel; path = _084.xcdatamodel; sourceTree = "<group>"; };
		3A4317A11E0ACD63005A779C /* Assets.xcassets */ = {isa = PBXFileReference; lastKnownFileType = folder.assetcatalog; path = Assets.xcassets; sourceTree = "<group>"; };
		3A4317A41E0ACD63005A779C /* Base */ = {isa = PBXFileReference; lastKnownFileType = file.storyboard; name = Base; path = Base.lproj/LaunchScreen.storyboard; sourceTree = "<group>"; };
		3A4317A61E0ACD63005A779C /* Info.plist */ = {isa = PBXFileReference; lastKnownFileType = text.plist.xml; path = Info.plist; sourceTree = "<group>"; };
		3A7583451E3E9C1700D1E36F /* Decorator.swift */ = {isa = PBXFileReference; fileEncoding = 4; lastKnownFileType = sourcecode.swift; path = Decorator.swift; sourceTree = "<group>"; };
		3A7583461E3E9C1700D1E36F /* Matrix.swift */ = {isa = PBXFileReference; fileEncoding = 4; lastKnownFileType = sourcecode.swift; path = Matrix.swift; sourceTree = "<group>"; };
		3A7583471E3E9C1700D1E36F /* MatrixView.swift */ = {isa = PBXFileReference; fileEncoding = 4; lastKnownFileType = sourcecode.swift; path = MatrixView.swift; sourceTree = "<group>"; };
		3A7583591E41401000D1E36F /* Base */ = {isa = PBXFileReference; lastKnownFileType = file.storyboard; name = Base; path = Base.lproj/Main.storyboard; sourceTree = "<group>"; };
/* End PBXFileReference section */

/* Begin PBXFrameworksBuildPhase section */
		3A4317911E0ACD63005A779C /* Frameworks */ = {
			isa = PBXFrameworksBuildPhase;
			buildActionMask = 2147483647;
			files = (
			);
			runOnlyForDeploymentPostprocessing = 0;
		};
/* End PBXFrameworksBuildPhase section */

/* Begin PBXGroup section */
		3A43178B1E0ACD63005A779C = {
			isa = PBXGroup;
			children = (
				3A4317961E0ACD63005A779C /* 2048 */,
				3A4317951E0ACD63005A779C /* Products */,
			);
			sourceTree = "<group>";
		};
		3A4317951E0ACD63005A779C /* Products */ = {
			isa = PBXGroup;
			children = (
				3A4317941E0ACD63005A779C /* 2048.app */,
			);
			name = Products;
			sourceTree = "<group>";
		};
		3A4317961E0ACD63005A779C /* 2048 */ = {
			isa = PBXGroup;
			children = (
				3A7583441E3E9BE400D1E36F /* 2048 */,
				3A4317971E0ACD63005A779C /* AppDelegate.swift */,
				3A4317991E0ACD63005A779C /* ViewController.swift */,
				3A7583581E41401000D1E36F /* Main.storyboard */,
				3A4317A11E0ACD63005A779C /* Assets.xcassets */,
				3A4317A31E0ACD63005A779C /* LaunchScreen.storyboard */,
				3A4317A61E0ACD63005A779C /* Info.plist */,
				3A43179E1E0ACD63005A779C /* _084.xcdatamodeld */,
			);
			path = 2048;
			sourceTree = "<group>";
		};
		3A7583441E3E9BE400D1E36F /* 2048 */ = {
			isa = PBXGroup;
			children = (
				3A7583451E3E9C1700D1E36F /* Decorator.swift */,
				3A7583461E3E9C1700D1E36F /* Matrix.swift */,
				3A7583471E3E9C1700D1E36F /* MatrixView.swift */,
			);
			path = 2048;
			sourceTree = "<group>";
		};
/* End PBXGroup section */

/* Begin PBXNativeTarget section */
		3A4317931E0ACD63005A779C /* 2048 */ = {
			isa = PBXNativeTarget;
			buildConfigurationList = 3A4317A91E0ACD63005A779C /* Build configuration list for PBXNativeTarget "2048" */;
			buildPhases = (
				3A4317901E0ACD63005A779C /* Sources */,
				3A4317911E0ACD63005A779C /* Frameworks */,
				3A4317921E0ACD63005A779C /* Resources */,
			);
			buildRules = (
			);
			dependencies = (
			);
			name = 2048;
			productName = 2048;
			productReference = 3A4317941E0ACD63005A779C /* 2048.app */;
			productType = "com.apple.product-type.application";
		};
/* End PBXNativeTarget section */

/* Begin PBXProject section */
		3A43178C1E0ACD63005A779C /* Project object */ = {
			isa = PBXProject;
			attributes = {
				LastSwiftUpdateCheck = 0820;
				LastUpgradeCheck = 0820;
				ORGANIZATIONNAME = zz;
				TargetAttributes = {
					3A4317931E0ACD63005A779C = {
						CreatedOnToolsVersion = 8.2.1;
						DevelopmentTeam = 3G867EH2KH;
						ProvisioningStyle = Automatic;
					};
				};
			};
			buildConfigurationList = 3A43178F1E0ACD63005A779C /* Build configuration list for PBXProject "2048" */;
			compatibilityVersion = "Xcode 3.2";
			developmentRegion = English;
			hasScannedForEncodings = 0;
			knownRegions = (
				en,
				Base,
			);
			mainGroup = 3A43178B1E0ACD63005A779C;
			productRefGroup = 3A4317951E0ACD63005A779C /* Products */;
			projectDirPath = "";
			projectRoot = "";
			targets = (
				3A4317931E0ACD63005A779C /* 2048 */,
			);
		};
/* End PBXProject section */

/* Begin PBXResourcesBuildPhase section */
		3A4317921E0ACD63005A779C /* Resources */ = {
			isa = PBXResourcesBuildPhase;
			buildActionMask = 2147483647;
			files = (
				3A75835A1E41401000D1E36F /* Main.storyboard in Resources */,
				3A4317A51E0ACD63005A779C /* LaunchScreen.storyboard in Resources */,
				3A4317A21E0ACD63005A779C /* Assets.xcassets in Resources */,
			);
			runOnlyForDeploymentPostprocessing = 0;
		};
/* End PBXResourcesBuildPhase section */

/* Begin PBXSourcesBuildPhase section */
		3A4317901E0ACD63005A779C /* Sources */ = {
			isa = PBXSourcesBuildPhase;
			buildActionMask = 2147483647;
			files = (
				3A43179A1E0ACD63005A779C /* ViewController.swift in Sources */,
				3A7583491E3E9C1700D1E36F /* Matrix.swift in Sources */,
				3A7583481E3E9C1700D1E36F /* Decorator.swift in Sources */,
				3A4317A01E0ACD63005A779C /* _084.xcdatamodeld in Sources */,
				3A4317981E0ACD63005A779C /* AppDelegate.swift in Sources */,
				3A75834A1E3E9C1700D1E36F /* MatrixView.swift in Sources */,
			);
			runOnlyForDeploymentPostprocessing = 0;
		};
/* End PBXSourcesBuildPhase section */

/* Begin PBXVariantGroup section */
		3A4317A31E0ACD63005A779C /* LaunchScreen.storyboard */ = {
			isa = PBXVariantGroup;
			children = (
				3A4317A41E0ACD63005A779C /* Base */,
			);
			name = LaunchScreen.storyboard;
			sourceTree = "<group>";
		};
		3A7583581E41401000D1E36F /* Main.storyboard */ = {
			isa = PBXVariantGroup;
			children = (
				3A7583591E41401000D1E36F /* Base */,
			);
			name = Main.storyboard;
			sourceTree = "<group>";
		};
/* End PBXVariantGroup section */

/* Begin XCBuildConfiguration section */
		3A4317A71E0ACD63005A779C /* Debug */ = {
			isa = XCBuildConfiguration;
			buildSettings = {
				ALWAYS_SEARCH_USER_PATHS = NO;
				CLANG_ANALYZER_NONNULL = YES;
				CLANG_CXX_LANGUAGE_STANDARD = "gnu++0x";
				CLANG_CXX_LIBRARY = "libc++";
				CLANG_ENABLE_MODULES = YES;
				CLANG_ENABLE_OBJC_ARC = YES;
				CLANG_WARN_BOOL_CONVERSION = YES;
				CLANG_WARN_CONSTANT_CONVERSION = YES;
				CLANG_WARN_DIRECT_OBJC_ISA_USAGE = YES_ERROR;
				CLANG_WARN_DOCUMENTATION_COMMENTS = YES;
				CLANG_WARN_EMPTY_BODY = YES;
				CLANG_WARN_ENUM_CONVERSION = YES;
				CLANG_WARN_INFINITE_RECURSION = YES;
				CLANG_WARN_INT_CONVERSION = YES;
				CLANG_WARN_OBJC_ROOT_CLASS = YES_ERROR;
				CLANG_WARN_SUSPICIOUS_MOVE = YES;
				CLANG_WARN_UNREACHABLE_CODE = YES;
				CLANG_WARN__DUPLICATE_METHOD_MATCH = YES;
				"CODE_SIGN_IDENTITY[sdk=iphoneos*]" = "iPhone Developer";
				COPY_PHASE_STRIP = NO;
				DEBUG_INFORMATION_FORMAT = dwarf;
				ENABLE_STRICT_OBJC_MSGSEND = YES;
				ENABLE_TESTABILITY = YES;
				GCC_C_LANGUAGE_STANDARD = gnu99;
				GCC_DYNAMIC_NO_PIC = NO;
				GCC_NO_COMMON_BLOCKS = YES;
				GCC_OPTIMIZATION_LEVEL = 0;
				GCC_PREPROCESSOR_DEFINITIONS = (
					"DEBUG=1",
					"$(inherited)",
				);
				GCC_WARN_64_TO_32_BIT_CONVERSION = YES;
				GCC_WARN_ABOUT_RETURN_TYPE = YES_ERROR;
				GCC_WARN_UNDECLARED_SELECTOR = YES;
				GCC_WARN_UNINITIALIZED_AUTOS = YES_AGGRESSIVE;
				GCC_WARN_UNUSED_FUNCTION = YES;
				GCC_WARN_UNUSED_VARIABLE = YES;
				IPHONEOS_DEPLOYMENT_TARGET = 10.2;
				MTL_ENABLE_DEBUG_INFO = YES;
				ONLY_ACTIVE_ARCH = YES;
				SDKROOT = iphoneos;
				SWIFT_ACTIVE_COMPILATION_CONDITIONS = DEBUG;
				SWIFT_OPTIMIZATION_LEVEL = "-Onone";
			};
			name = Debug;
		};
		3A4317A81E0ACD63005A779C /* Release */ = {
			isa = XCBuildConfiguration;
			buildSettings = {
				ALWAYS_SEARCH_USER_PATHS = NO;
				CLANG_ANALYZER_NONNULL = YES;
				CLANG_CXX_LANGUAGE_STANDARD = "gnu++0x";
				CLANG_CXX_LIBRARY = "libc++";
				CLANG_ENABLE_MODULES = YES;
				CLANG_ENABLE_OBJC_ARC = YES;
				CLANG_WARN_BOOL_CONVERSION = YES;
				CLANG_WARN_CONSTANT_CONVERSION = YES;
				CLANG_WARN_DIRECT_OBJC_ISA_USAGE = YES_ERROR;
				CLANG_WARN_DOCUMENTATION_COMMENTS = YES;
				CLANG_WARN_EMPTY_BODY = YES;
				CLANG_WARN_ENUM_CONVERSION = YES;
				CLANG_WARN_INFINITE_RECURSION = YES;
				CLANG_WARN_INT_CONVERSION = YES;
				CLANG_WARN_OBJC_ROOT_CLASS = YES_ERROR;
				CLANG_WARN_SUSPICIOUS_MOVE = YES;
				CLANG_WARN_UNREACHABLE_CODE = YES;
				CLANG_WARN__DUPLICATE_METHOD_MATCH = YES;
				"CODE_SIGN_IDENTITY[sdk=iphoneos*]" = "iPhone Developer";
				COPY_PHASE_STRIP = NO;
				DEBUG_INFORMATION_FORMAT = "dwarf-with-dsym";
				ENABLE_NS_ASSERTIONS = NO;
				ENABLE_STRICT_OBJC_MSGSEND = YES;
				GCC_C_LANGUAGE_STANDARD = gnu99;
				GCC_NO_COMMON_BLOCKS = YES;
				GCC_WARN_64_TO_32_BIT_CONVERSION = YES;
				GCC_WARN_ABOUT_RETURN_TYPE = YES_ERROR;
				GCC_WARN_UNDECLARED_SELECTOR = YES;
				GCC_WARN_UNINITIALIZED_AUTOS = YES_AGGRESSIVE;
				GCC_WARN_UNUSED_FUNCTION = YES;
				GCC_WARN_UNUSED_VARIABLE = YES;
				IPHONEOS_DEPLOYMENT_TARGET = 10.2;
				MTL_ENABLE_DEBUG_INFO = NO;
				SDKROOT = iphoneos;
				SWIFT_OPTIMIZATION_LEVEL = "-Owholemodule";
				VALIDATE_PRODUCT = YES;
			};
			name = Release;
		};
		3A4317AA1E0ACD63005A779C /* Debug */ = {
			isa = XCBuildConfiguration;
			buildSettings = {
				ASSETCATALOG_COMPILER_APPICON_NAME = AppIcon;
				DEVELOPMENT_TEAM = 3G867EH2KH;
				INFOPLIST_FILE = 2048/Info.plist;
				LD_RUNPATH_SEARCH_PATHS = "$(inherited) @executable_path/Frameworks";
				PRODUCT_BUNDLE_IDENTIFIER = "zz.-084";
				PRODUCT_NAME = "$(TARGET_NAME)";
				SWIFT_VERSION = 3.0;
			};
			name = Debug;
		};
		3A4317AB1E0ACD63005A779C /* Release */ = {
			isa = XCBuildConfiguration;
			buildSettings = {
				ASSETCATALOG_COMPILER_APPICON_NAME = AppIcon;
				DEVELOPMENT_TEAM = 3G867EH2KH;
				INFOPLIST_FILE = 2048/Info.plist;
				LD_RUNPATH_SEARCH_PATHS = "$(inherited) @executable_path/Frameworks";
				PRODUCT_BUNDLE_IDENTIFIER = "zz.-084";
				PRODUCT_NAME = "$(TARGET_NAME)";
				SWIFT_VERSION = 3.0;
			};
			name = Release;
		};
/* End XCBuildConfiguration section */

/* Begin XCConfigurationList section */
		3A43178F1E0ACD63005A779C /* Build configuration list for PBXProject "2048" */ = {
			isa = XCConfigurationList;
			buildConfigurations = (
				3A4317A71E0ACD63005A779C /* Debug */,
				3A4317A81E0ACD63005A779C /* Release */,
			);
			defaultConfigurationIsVisible = 0;
			defaultConfigurationName = Release;
		};
		3A4317A91E0ACD63005A779C /* Build configuration list for PBXNativeTarget "2048" */ = {
			isa = XCConfigurationList;
			buildConfigurations = (
				3A4317AA1E0ACD63005A779C /* Debug */,
				3A4317AB1E0ACD63005A779C /* Release */,
			);
			defaultConfigurationIsVisible = 0;
			defaultConfigurationName = Release;
		};
/* End XCConfigurationList section */

/* Begin XCVersionGroup section */
		3A43179E1E0ACD63005A779C /* _084.xcdatamodeld */ = {
			isa = XCVersionGroup;
			children = (
				3A43179F1E0ACD63005A779C /* _084.xcdatamodel */,
			);
			currentVersion = 3A43179F1E0ACD63005A779C /* _084.xcdatamodel */;
			path = _084.xcdatamodeld;
			sourceTree = "<group>";
			versionGroupType = wrapper.xcdatamodel;
		};
/* End XCVersionGroup section */
	};
	rootObject = 3A43178C1E0ACD63005A779C /* Project object */;
}
